// !$*UTF8*$!
{
	archiveVersion = 1;
	classes = {
	};
	objectVersion = 46;
	objects = {

/* Begin PBXBuildFile section */
		2C13F4911CDB1ADC00A5F129 /* main.m in Sources */ = {isa = PBXBuildFile; fileRef = 2C13F4901CDB1ADC00A5F129 /* main.m */; };
		2C13F4941CDB1ADC00A5F129 /* AppDelegate.m in Sources */ = {isa = PBXBuildFile; fileRef = 2C13F4931CDB1ADC00A5F129 /* AppDelegate.m */; };
		2C13F4971CDB1ADC00A5F129 /* ViewController.m in Sources */ = {isa = PBXBuildFile; fileRef = 2C13F4961CDB1ADC00A5F129 /* ViewController.m */; };
		2C13F49A1CDB1ADC00A5F129 /* Main.storyboard in Resources */ = {isa = PBXBuildFile; fileRef = 2C13F4981CDB1ADC00A5F129 /* Main.storyboard */; };
		2C13F49C1CDB1ADC00A5F129 /* Assets.xcassets in Resources */ = {isa = PBXBuildFile; fileRef = 2C13F49B1CDB1ADC00A5F129 /* Assets.xcassets */; };
		2C13F49F1CDB1ADC00A5F129 /* LaunchScreen.storyboard in Resources */ = {isa = PBXBuildFile; fileRef = 2C13F49D1CDB1ADC00A5F129 /* LaunchScreen.storyboard */; };
		2C13F4AA1CDB1ADC00A5F129 /* STMBTDataTransferTests.m in Sources */ = {isa = PBXBuildFile; fileRef = 2C13F4A91CDB1ADC00A5F129 /* STMBTDataTransferTests.m */; };
		2C13F4B51CDB1ADC00A5F129 /* STMBTDataTransferUITests.m in Sources */ = {isa = PBXBuildFile; fileRef = 2C13F4B41CDB1ADC00A5F129 /* STMBTDataTransferUITests.m */; };
		2C13F4C41CDB1B4D00A5F129 /* STMBTCentralManager.m in Sources */ = {isa = PBXBuildFile; fileRef = 2C13F4C31CDB1B4D00A5F129 /* STMBTCentralManager.m */; };
		2C13F4C71CDB1B7000A5F129 /* STMBTPeripheralManager.m in Sources */ = {isa = PBXBuildFile; fileRef = 2C13F4C61CDB1B7000A5F129 /* STMBTPeripheralManager.m */; };
		2C13F4CA1CDB216100A5F129 /* STMBTCentralManagerTVC.m in Sources */ = {isa = PBXBuildFile; fileRef = 2C13F4C91CDB216100A5F129 /* STMBTCentralManagerTVC.m */; };
		2C13F4D41CDB6C0D00A5F129 /* STMBTPeripheralManagerVC.m in Sources */ = {isa = PBXBuildFile; fileRef = 2C13F4D31CDB6C0D00A5F129 /* STMBTPeripheralManagerVC.m */; };
		2C13F4D81CDE211500A5F129 /* STMBTFieldVC.m in Sources */ = {isa = PBXBuildFile; fileRef = 2C13F4D71CDE211500A5F129 /* STMBTFieldVC.m */; };
		2C13F4DE1CDE21B800A5F129 /* STMBTCellView.m in Sources */ = {isa = PBXBuildFile; fileRef = 2C13F4DD1CDE21B800A5F129 /* STMBTCellView.m */; };
/* End PBXBuildFile section */

/* Begin PBXContainerItemProxy section */
		2C13F4A61CDB1ADC00A5F129 /* PBXContainerItemProxy */ = {
			isa = PBXContainerItemProxy;
			containerPortal = 2C13F4841CDB1ADC00A5F129 /* Project object */;
			proxyType = 1;
			remoteGlobalIDString = 2C13F48B1CDB1ADC00A5F129;
			remoteInfo = STMBTDataTransfer;
		};
		2C13F4B11CDB1ADC00A5F129 /* PBXContainerItemProxy */ = {
			isa = PBXContainerItemProxy;
			containerPortal = 2C13F4841CDB1ADC00A5F129 /* Project object */;
			proxyType = 1;
			remoteGlobalIDString = 2C13F48B1CDB1ADC00A5F129;
			remoteInfo = STMBTDataTransfer;
		};
/* End PBXContainerItemProxy section */

/* Begin PBXFileReference section */
		2C13F48C1CDB1ADC00A5F129 /* STMBTDataTransfer.app */ = {isa = PBXFileReference; explicitFileType = wrapper.application; includeInIndex = 0; path = STMBTDataTransfer.app; sourceTree = BUILT_PRODUCTS_DIR; };
		2C13F4901CDB1ADC00A5F129 /* main.m */ = {isa = PBXFileReference; lastKnownFileType = sourcecode.c.objc; path = main.m; sourceTree = "<group>"; };
		2C13F4921CDB1ADC00A5F129 /* AppDelegate.h */ = {isa = PBXFileReference; lastKnownFileType = sourcecode.c.h; path = AppDelegate.h; sourceTree = "<group>"; };
		2C13F4931CDB1ADC00A5F129 /* AppDelegate.m */ = {isa = PBXFileReference; lastKnownFileType = sourcecode.c.objc; path = AppDelegate.m; sourceTree = "<group>"; };
		2C13F4951CDB1ADC00A5F129 /* ViewController.h */ = {isa = PBXFileReference; lastKnownFileType = sourcecode.c.h; path = ViewController.h; sourceTree = "<group>"; };
		2C13F4961CDB1ADC00A5F129 /* ViewController.m */ = {isa = PBXFileReference; lastKnownFileType = sourcecode.c.objc; path = ViewController.m; sourceTree = "<group>"; };
		2C13F4991CDB1ADC00A5F129 /* Base */ = {isa = PBXFileReference; lastKnownFileType = file.storyboard; name = Base; path = Base.lproj/Main.storyboard; sourceTree = "<group>"; };
		2C13F49B1CDB1ADC00A5F129 /* Assets.xcassets */ = {isa = PBXFileReference; lastKnownFileType = folder.assetcatalog; path = Assets.xcassets; sourceTree = "<group>"; };
		2C13F49E1CDB1ADC00A5F129 /* Base */ = {isa = PBXFileReference; lastKnownFileType = file.storyboard; name = Base; path = Base.lproj/LaunchScreen.storyboard; sourceTree = "<group>"; };
		2C13F4A01CDB1ADC00A5F129 /* Info.plist */ = {isa = PBXFileReference; lastKnownFileType = text.plist.xml; path = Info.plist; sourceTree = "<group>"; };
		2C13F4A51CDB1ADC00A5F129 /* STMBTDataTransferTests.xctest */ = {isa = PBXFileReference; explicitFileType = wrapper.cfbundle; includeInIndex = 0; path = STMBTDataTransferTests.xctest; sourceTree = BUILT_PRODUCTS_DIR; };
		2C13F4A91CDB1ADC00A5F129 /* STMBTDataTransferTests.m */ = {isa = PBXFileReference; lastKnownFileType = sourcecode.c.objc; path = STMBTDataTransferTests.m; sourceTree = "<group>"; };
		2C13F4AB1CDB1ADC00A5F129 /* Info.plist */ = {isa = PBXFileReference; lastKnownFileType = text.plist.xml; path = Info.plist; sourceTree = "<group>"; };
		2C13F4B01CDB1ADC00A5F129 /* STMBTDataTransferUITests.xctest */ = {isa = PBXFileReference; explicitFileType = wrapper.cfbundle; includeInIndex = 0; path = STMBTDataTransferUITests.xctest; sourceTree = BUILT_PRODUCTS_DIR; };
		2C13F4B41CDB1ADC00A5F129 /* STMBTDataTransferUITests.m */ = {isa = PBXFileReference; lastKnownFileType = sourcecode.c.objc; path = STMBTDataTransferUITests.m; sourceTree = "<group>"; };
		2C13F4B61CDB1ADC00A5F129 /* Info.plist */ = {isa = PBXFileReference; lastKnownFileType = text.plist.xml; path = Info.plist; sourceTree = "<group>"; };
		2C13F4C21CDB1B4D00A5F129 /* STMBTCentralManager.h */ = {isa = PBXFileReference; fileEncoding = 4; lastKnownFileType = sourcecode.c.h; path = STMBTCentralManager.h; sourceTree = "<group>"; };
		2C13F4C31CDB1B4D00A5F129 /* STMBTCentralManager.m */ = {isa = PBXFileReference; fileEncoding = 4; lastKnownFileType = sourcecode.c.objc; path = STMBTCentralManager.m; sourceTree = "<group>"; };
		2C13F4C51CDB1B7000A5F129 /* STMBTPeripheralManager.h */ = {isa = PBXFileReference; fileEncoding = 4; lastKnownFileType = sourcecode.c.h; path = STMBTPeripheralManager.h; sourceTree = "<group>"; };
		2C13F4C61CDB1B7000A5F129 /* STMBTPeripheralManager.m */ = {isa = PBXFileReference; fileEncoding = 4; lastKnownFileType = sourcecode.c.objc; path = STMBTPeripheralManager.m; sourceTree = "<group>"; };
		2C13F4C81CDB216100A5F129 /* STMBTCentralManagerTVC.h */ = {isa = PBXFileReference; fileEncoding = 4; lastKnownFileType = sourcecode.c.h; path = STMBTCentralManagerTVC.h; sourceTree = "<group>"; };
		2C13F4C91CDB216100A5F129 /* STMBTCentralManagerTVC.m */ = {isa = PBXFileReference; fileEncoding = 4; lastKnownFileType = sourcecode.c.objc; path = STMBTCentralManagerTVC.m; sourceTree = "<group>"; };
		2C13F4CB1CDB21DF00A5F129 /* STMBTConstants.h */ = {isa = PBXFileReference; fileEncoding = 4; lastKnownFileType = sourcecode.c.h; path = STMBTConstants.h; sourceTree = "<group>"; };
		2C13F4D21CDB6C0D00A5F129 /* STMBTPeripheralManagerVC.h */ = {isa = PBXFileReference; fileEncoding = 4; lastKnownFileType = sourcecode.c.h; path = STMBTPeripheralManagerVC.h; sourceTree = "<group>"; };
		2C13F4D31CDB6C0D00A5F129 /* STMBTPeripheralManagerVC.m */ = {isa = PBXFileReference; fileEncoding = 4; lastKnownFileType = sourcecode.c.objc; path = STMBTPeripheralManagerVC.m; sourceTree = "<group>"; };
		2C13F4D51CDB701600A5F129 /* STMBTCentralManagerDelegate.h */ = {isa = PBXFileReference; fileEncoding = 4; lastKnownFileType = sourcecode.c.h; path = STMBTCentralManagerDelegate.h; sourceTree = "<group>"; };
		2C13F4D61CDE211500A5F129 /* STMBTFieldVC.h */ = {isa = PBXFileReference; fileEncoding = 4; lastKnownFileType = sourcecode.c.h; path = STMBTFieldVC.h; sourceTree = "<group>"; };
		2C13F4D71CDE211500A5F129 /* STMBTFieldVC.m */ = {isa = PBXFileReference; fileEncoding = 4; lastKnownFileType = sourcecode.c.objc; path = STMBTFieldVC.m; sourceTree = "<group>"; };
		2C13F4DC1CDE21B800A5F129 /* STMBTCellView.h */ = {isa = PBXFileReference; fileEncoding = 4; lastKnownFileType = sourcecode.c.h; path = STMBTCellView.h; sourceTree = "<group>"; };
		2C13F4DD1CDE21B800A5F129 /* STMBTCellView.m */ = {isa = PBXFileReference; fileEncoding = 4; lastKnownFileType = sourcecode.c.objc; path = STMBTCellView.m; sourceTree = "<group>"; };
/* End PBXFileReference section */

/* Begin PBXFrameworksBuildPhase section */
		2C13F4891CDB1ADC00A5F129 /* Frameworks */ = {
			isa = PBXFrameworksBuildPhase;
			buildActionMask = 2147483647;
			files = (
			);
			runOnlyForDeploymentPostprocessing = 0;
		};
		2C13F4A21CDB1ADC00A5F129 /* Frameworks */ = {
			isa = PBXFrameworksBuildPhase;
			buildActionMask = 2147483647;
			files = (
			);
			runOnlyForDeploymentPostprocessing = 0;
		};
		2C13F4AD1CDB1ADC00A5F129 /* Frameworks */ = {
			isa = PBXFrameworksBuildPhase;
			buildActionMask = 2147483647;
			files = (
			);
			runOnlyForDeploymentPostprocessing = 0;
		};
/* End PBXFrameworksBuildPhase section */

/* Begin PBXGroup section */
		2C13F4831CDB1ADC00A5F129 = {
			isa = PBXGroup;
			children = (
				2C13F48E1CDB1ADC00A5F129 /* STMBTDataTransfer */,
				2C13F4A81CDB1ADC00A5F129 /* STMBTDataTransferTests */,
				2C13F4B31CDB1ADC00A5F129 /* STMBTDataTransferUITests */,
				2C13F48D1CDB1ADC00A5F129 /* Products */,
			);
			sourceTree = "<group>";
		};
		2C13F48D1CDB1ADC00A5F129 /* Products */ = {
			isa = PBXGroup;
			children = (
				2C13F48C1CDB1ADC00A5F129 /* STMBTDataTransfer.app */,
				2C13F4A51CDB1ADC00A5F129 /* STMBTDataTransferTests.xctest */,
				2C13F4B01CDB1ADC00A5F129 /* STMBTDataTransferUITests.xctest */,
			);
			name = Products;
			sourceTree = "<group>";
		};
		2C13F48E1CDB1ADC00A5F129 /* STMBTDataTransfer */ = {
			isa = PBXGroup;
			children = (
				2C13F4921CDB1ADC00A5F129 /* AppDelegate.h */,
				2C13F4931CDB1ADC00A5F129 /* AppDelegate.m */,
				2C13F4951CDB1ADC00A5F129 /* ViewController.h */,
				2C13F4961CDB1ADC00A5F129 /* ViewController.m */,
				2C13F4981CDB1ADC00A5F129 /* Main.storyboard */,
				2C13F49B1CDB1ADC00A5F129 /* Assets.xcassets */,
				2C13F49D1CDB1ADC00A5F129 /* LaunchScreen.storyboard */,
				2C13F4A01CDB1ADC00A5F129 /* Info.plist */,
				2C13F48F1CDB1ADC00A5F129 /* Supporting Files */,
				2C13F4CB1CDB21DF00A5F129 /* STMBTConstants.h */,
				2C13F4D51CDB701600A5F129 /* STMBTCentralManagerDelegate.h */,
				2C13F4C21CDB1B4D00A5F129 /* STMBTCentralManager.h */,
				2C13F4C31CDB1B4D00A5F129 /* STMBTCentralManager.m */,
				2C13F4C81CDB216100A5F129 /* STMBTCentralManagerTVC.h */,
				2C13F4C91CDB216100A5F129 /* STMBTCentralManagerTVC.m */,
				2C13F4C51CDB1B7000A5F129 /* STMBTPeripheralManager.h */,
				2C13F4C61CDB1B7000A5F129 /* STMBTPeripheralManager.m */,
				2C13F4D21CDB6C0D00A5F129 /* STMBTPeripheralManagerVC.h */,
				2C13F4D31CDB6C0D00A5F129 /* STMBTPeripheralManagerVC.m */,
				2C13F4D61CDE211500A5F129 /* STMBTFieldVC.h */,
				2C13F4D71CDE211500A5F129 /* STMBTFieldVC.m */,
				2C13F4DC1CDE21B800A5F129 /* STMBTCellView.h */,
				2C13F4DD1CDE21B800A5F129 /* STMBTCellView.m */,
			);
			path = STMBTDataTransfer;
			sourceTree = "<group>";
		};
		2C13F48F1CDB1ADC00A5F129 /* Supporting Files */ = {
			isa = PBXGroup;
			children = (
				2C13F4901CDB1ADC00A5F129 /* main.m */,
			);
			name = "Supporting Files";
			sourceTree = "<group>";
		};
		2C13F4A81CDB1ADC00A5F129 /* STMBTDataTransferTests */ = {
			isa = PBXGroup;
			children = (
				2C13F4A91CDB1ADC00A5F129 /* STMBTDataTransferTests.m */,
				2C13F4AB1CDB1ADC00A5F129 /* Info.plist */,
			);
			path = STMBTDataTransferTests;
			sourceTree = "<group>";
		};
		2C13F4B31CDB1ADC00A5F129 /* STMBTDataTransferUITests */ = {
			isa = PBXGroup;
			children = (
				2C13F4B41CDB1ADC00A5F129 /* STMBTDataTransferUITests.m */,
				2C13F4B61CDB1ADC00A5F129 /* Info.plist */,
			);
			path = STMBTDataTransferUITests;
			sourceTree = "<group>";
		};
/* End PBXGroup section */

/* Begin PBXNativeTarget section */
		2C13F48B1CDB1ADC00A5F129 /* STMBTDataTransfer */ = {
			isa = PBXNativeTarget;
			buildConfigurationList = 2C13F4B91CDB1ADC00A5F129 /* Build configuration list for PBXNativeTarget "STMBTDataTransfer" */;
			buildPhases = (
				2C13F4881CDB1ADC00A5F129 /* Sources */,
				2C13F4891CDB1ADC00A5F129 /* Frameworks */,
				2C13F48A1CDB1ADC00A5F129 /* Resources */,
			);
			buildRules = (
			);
			dependencies = (
			);
			name = STMBTDataTransfer;
			productName = STMBTDataTransfer;
			productReference = 2C13F48C1CDB1ADC00A5F129 /* STMBTDataTransfer.app */;
			productType = "com.apple.product-type.application";
		};
		2C13F4A41CDB1ADC00A5F129 /* STMBTDataTransferTests */ = {
			isa = PBXNativeTarget;
			buildConfigurationList = 2C13F4BC1CDB1ADC00A5F129 /* Build configuration list for PBXNativeTarget "STMBTDataTransferTests" */;
			buildPhases = (
				2C13F4A11CDB1ADC00A5F129 /* Sources */,
				2C13F4A21CDB1ADC00A5F129 /* Frameworks */,
				2C13F4A31CDB1ADC00A5F129 /* Resources */,
			);
			buildRules = (
			);
			dependencies = (
				2C13F4A71CDB1ADC00A5F129 /* PBXTargetDependency */,
			);
			name = STMBTDataTransferTests;
			productName = STMBTDataTransferTests;
			productReference = 2C13F4A51CDB1ADC00A5F129 /* STMBTDataTransferTests.xctest */;
			productType = "com.apple.product-type.bundle.unit-test";
		};
		2C13F4AF1CDB1ADC00A5F129 /* STMBTDataTransferUITests */ = {
			isa = PBXNativeTarget;
			buildConfigurationList = 2C13F4BF1CDB1ADC00A5F129 /* Build configuration list for PBXNativeTarget "STMBTDataTransferUITests" */;
			buildPhases = (
				2C13F4AC1CDB1ADC00A5F129 /* Sources */,
				2C13F4AD1CDB1ADC00A5F129 /* Frameworks */,
				2C13F4AE1CDB1ADC00A5F129 /* Resources */,
			);
			buildRules = (
			);
			dependencies = (
				2C13F4B21CDB1ADC00A5F129 /* PBXTargetDependency */,
			);
			name = STMBTDataTransferUITests;
			productName = STMBTDataTransferUITests;
			productReference = 2C13F4B01CDB1ADC00A5F129 /* STMBTDataTransferUITests.xctest */;
			productType = "com.apple.product-type.bundle.ui-testing";
		};
/* End PBXNativeTarget section */

/* Begin PBXProject section */
		2C13F4841CDB1ADC00A5F129 /* Project object */ = {
			isa = PBXProject;
			attributes = {
				LastUpgradeCheck = 0730;
				ORGANIZATIONNAME = "Sistemium UAB";
				TargetAttributes = {
					2C13F48B1CDB1ADC00A5F129 = {
						CreatedOnToolsVersion = 7.3.1;
					};
					2C13F4A41CDB1ADC00A5F129 = {
						CreatedOnToolsVersion = 7.3.1;
						TestTargetID = 2C13F48B1CDB1ADC00A5F129;
					};
					2C13F4AF1CDB1ADC00A5F129 = {
						CreatedOnToolsVersion = 7.3.1;
						TestTargetID = 2C13F48B1CDB1ADC00A5F129;
					};
				};
			};
			buildConfigurationList = 2C13F4871CDB1ADC00A5F129 /* Build configuration list for PBXProject "STMBTDataTransfer" */;
			compatibilityVersion = "Xcode 3.2";
			developmentRegion = English;
			hasScannedForEncodings = 0;
			knownRegions = (
				en,
				Base,
			);
			mainGroup = 2C13F4831CDB1ADC00A5F129;
			productRefGroup = 2C13F48D1CDB1ADC00A5F129 /* Products */;
			projectDirPath = "";
			projectRoot = "";
			targets = (
				2C13F48B1CDB1ADC00A5F129 /* STMBTDataTransfer */,
				2C13F4A41CDB1ADC00A5F129 /* STMBTDataTransferTests */,
				2C13F4AF1CDB1ADC00A5F129 /* STMBTDataTransferUITests */,
			);
		};
/* End PBXProject section */

/* Begin PBXResourcesBuildPhase section */
		2C13F48A1CDB1ADC00A5F129 /* Resources */ = {
			isa = PBXResourcesBuildPhase;
			buildActionMask = 2147483647;
			files = (
				2C13F49F1CDB1ADC00A5F129 /* LaunchScreen.storyboard in Resources */,
				2C13F49C1CDB1ADC00A5F129 /* Assets.xcassets in Resources */,
				2C13F49A1CDB1ADC00A5F129 /* Main.storyboard in Resources */,
			);
			runOnlyForDeploymentPostprocessing = 0;
		};
		2C13F4A31CDB1ADC00A5F129 /* Resources */ = {
			isa = PBXResourcesBuildPhase;
			buildActionMask = 2147483647;
			files = (
			);
			runOnlyForDeploymentPostprocessing = 0;
		};
		2C13F4AE1CDB1ADC00A5F129 /* Resources */ = {
			isa = PBXResourcesBuildPhase;
			buildActionMask = 2147483647;
			files = (
			);
			runOnlyForDeploymentPostprocessing = 0;
		};
/* End PBXResourcesBuildPhase section */

/* Begin PBXSourcesBuildPhase section */
		2C13F4881CDB1ADC00A5F129 /* Sources */ = {
			isa = PBXSourcesBuildPhase;
			buildActionMask = 2147483647;
			files = (
				2C13F4D81CDE211500A5F129 /* STMBTFieldVC.m in Sources */,
				2C13F4C71CDB1B7000A5F129 /* STMBTPeripheralManager.m in Sources */,
				2C13F4D41CDB6C0D00A5F129 /* STMBTPeripheralManagerVC.m in Sources */,
				2C13F4971CDB1ADC00A5F129 /* ViewController.m in Sources */,
				2C13F4CA1CDB216100A5F129 /* STMBTCentralManagerTVC.m in Sources */,
				2C13F4941CDB1ADC00A5F129 /* AppDelegate.m in Sources */,
				2C13F4C41CDB1B4D00A5F129 /* STMBTCentralManager.m in Sources */,
				2C13F4911CDB1ADC00A5F129 /* main.m in Sources */,
				2C13F4DE1CDE21B800A5F129 /* STMBTCellView.m in Sources */,
			);
			runOnlyForDeploymentPostprocessing = 0;
		};
		2C13F4A11CDB1ADC00A5F129 /* Sources */ = {
			isa = PBXSourcesBuildPhase;
			buildActionMask = 2147483647;
			files = (
				2C13F4AA1CDB1ADC00A5F129 /* STMBTDataTransferTests.m in Sources */,
			);
			runOnlyForDeploymentPostprocessing = 0;
		};
		2C13F4AC1CDB1ADC00A5F129 /* Sources */ = {
			isa = PBXSourcesBuildPhase;
			buildActionMask = 2147483647;
			files = (
				2C13F4B51CDB1ADC00A5F129 /* STMBTDataTransferUITests.m in Sources */,
			);
			runOnlyForDeploymentPostprocessing = 0;
		};
/* End PBXSourcesBuildPhase section */

/* Begin PBXTargetDependency section */
		2C13F4A71CDB1ADC00A5F129 /* PBXTargetDependency */ = {
			isa = PBXTargetDependency;
			target = 2C13F48B1CDB1ADC00A5F129 /* STMBTDataTransfer */;
			targetProxy = 2C13F4A61CDB1ADC00A5F129 /* PBXContainerItemProxy */;
		};
		2C13F4B21CDB1ADC00A5F129 /* PBXTargetDependency */ = {
			isa = PBXTargetDependency;
			target = 2C13F48B1CDB1ADC00A5F129 /* STMBTDataTransfer */;
			targetProxy = 2C13F4B11CDB1ADC00A5F129 /* PBXContainerItemProxy */;
		};
/* End PBXTargetDependency section */

/* Begin PBXVariantGroup section */
		2C13F4981CDB1ADC00A5F129 /* Main.storyboard */ = {
			isa = PBXVariantGroup;
			children = (
				2C13F4991CDB1ADC00A5F129 /* Base */,
			);
			name = Main.storyboard;
			sourceTree = "<group>";
		};
		2C13F49D1CDB1ADC00A5F129 /* LaunchScreen.storyboard */ = {
			isa = PBXVariantGroup;
			children = (
				2C13F49E1CDB1ADC00A5F129 /* Base */,
			);
			name = LaunchScreen.storyboard;
			sourceTree = "<group>";
		};
/* End PBXVariantGroup section */

/* Begin XCBuildConfiguration section */
		2C13F4B71CDB1ADC00A5F129 /* Debug */ = {
			isa = XCBuildConfiguration;
			buildSettings = {
				ALWAYS_SEARCH_USER_PATHS = NO;
				CLANG_ANALYZER_NONNULL = YES;
				CLANG_CXX_LANGUAGE_STANDARD = "gnu++0x";
				CLANG_CXX_LIBRARY = "libc++";
				CLANG_ENABLE_MODULES = YES;
				CLANG_ENABLE_OBJC_ARC = YES;
				CLANG_WARN_BOOL_CONVERSION = YES;
				CLANG_WARN_CONSTANT_CONVERSION = YES;
				CLANG_WARN_DIRECT_OBJC_ISA_USAGE = YES_ERROR;
				CLANG_WARN_EMPTY_BODY = YES;
				CLANG_WARN_ENUM_CONVERSION = YES;
				CLANG_WARN_INT_CONVERSION = YES;
				CLANG_WARN_OBJC_ROOT_CLASS = YES_ERROR;
				CLANG_WARN_UNREACHABLE_CODE = YES;
				CLANG_WARN__DUPLICATE_METHOD_MATCH = YES;
				"CODE_SIGN_IDENTITY[sdk=iphoneos*]" = "iPhone Developer";
				COPY_PHASE_STRIP = NO;
				DEBUG_INFORMATION_FORMAT = dwarf;
				ENABLE_STRICT_OBJC_MSGSEND = YES;
				ENABLE_TESTABILITY = YES;
				GCC_C_LANGUAGE_STANDARD = gnu99;
				GCC_DYNAMIC_NO_PIC = NO;
				GCC_NO_COMMON_BLOCKS = YES;
				GCC_OPTIMIZATION_LEVEL = 0;
				GCC_PREPROCESSOR_DEFINITIONS = (
					"DEBUG=1",
					"$(inherited)",
				);
				GCC_WARN_64_TO_32_BIT_CONVERSION = YES;
				GCC_WARN_ABOUT_RETURN_TYPE = YES_ERROR;
				GCC_WARN_UNDECLARED_SELECTOR = YES;
				GCC_WARN_UNINITIALIZED_AUTOS = YES_AGGRESSIVE;
				GCC_WARN_UNUSED_FUNCTION = YES;
				GCC_WARN_UNUSED_VARIABLE = YES;
				IPHONEOS_DEPLOYMENT_TARGET = 9.3;
				MTL_ENABLE_DEBUG_INFO = YES;
				ONLY_ACTIVE_ARCH = YES;
				SDKROOT = iphoneos;
				TARGETED_DEVICE_FAMILY = "1,2";
			};
			name = Debug;
		};
		2C13F4B81CDB1ADC00A5F129 /* Release */ = {
			isa = XCBuildConfiguration;
			buildSettings = {
				ALWAYS_SEARCH_USER_PATHS = NO;
				CLANG_ANALYZER_NONNULL = YES;
				CLANG_CXX_LANGUAGE_STANDARD = "gnu++0x";
				CLANG_CXX_LIBRARY = "libc++";
				CLANG_ENABLE_MODULES = YES;
				CLANG_ENABLE_OBJC_ARC = YES;
				CLANG_WARN_BOOL_CONVERSION = YES;
				CLANG_WARN_CONSTANT_CONVERSION = YES;
				CLANG_WARN_DIRECT_OBJC_ISA_USAGE = YES_ERROR;
				CLANG_WARN_EMPTY_BODY = YES;
				CLANG_WARN_ENUM_CONVERSION = YES;
				CLANG_WARN_INT_CONVERSION = YES;
				CLANG_WARN_OBJC_ROOT_CLASS = YES_ERROR;
				CLANG_WARN_UNREACHABLE_CODE = YES;
				CLANG_WARN__DUPLICATE_METHOD_MATCH = YES;
				"CODE_SIGN_IDENTITY[sdk=iphoneos*]" = "iPhone Developer";
				COPY_PHASE_STRIP = NO;
				DEBUG_INFORMATION_FORMAT = "dwarf-with-dsym";
				ENABLE_NS_ASSERTIONS = NO;
				ENABLE_STRICT_OBJC_MSGSEND = YES;
				GCC_C_LANGUAGE_STANDARD = gnu99;
				GCC_NO_COMMON_BLOCKS = YES;
				GCC_WARN_64_TO_32_BIT_CONVERSION = YES;
				GCC_WARN_ABOUT_RETURN_TYPE = YES_ERROR;
				GCC_WARN_UNDECLARED_SELECTOR = YES;
				GCC_WARN_UNINITIALIZED_AUTOS = YES_AGGRESSIVE;
				GCC_WARN_UNUSED_FUNCTION = YES;
				GCC_WARN_UNUSED_VARIABLE = YES;
				IPHONEOS_DEPLOYMENT_TARGET = 9.3;
				MTL_ENABLE_DEBUG_INFO = NO;
				SDKROOT = iphoneos;
				TARGETED_DEVICE_FAMILY = "1,2";
				VALIDATE_PRODUCT = YES;
			};
			name = Release;
		};
		2C13F4BA1CDB1ADC00A5F129 /* Debug */ = {
			isa = XCBuildConfiguration;
			buildSettings = {
				ASSETCATALOG_COMPILER_APPICON_NAME = AppIcon;
				INFOPLIST_FILE = STMBTDataTransfer/Info.plist;
				LD_RUNPATH_SEARCH_PATHS = "$(inherited) @executable_path/Frameworks";
				PRODUCT_BUNDLE_IDENTIFIER = com.sistemium.STMBTDataTransfer;
				PRODUCT_NAME = "$(TARGET_NAME)";
			};
			name = Debug;
		};
		2C13F4BB1CDB1ADC00A5F129 /* Release */ = {
			isa = XCBuildConfiguration;
			buildSettings = {
				ASSETCATALOG_COMPILER_APPICON_NAME = AppIcon;
				INFOPLIST_FILE = STMBTDataTransfer/Info.plist;
				LD_RUNPATH_SEARCH_PATHS = "$(inherited) @executable_path/Frameworks";
				PRODUCT_BUNDLE_IDENTIFIER = com.sistemium.STMBTDataTransfer;
				PRODUCT_NAME = "$(TARGET_NAME)";
			};
			name = Release;
		};
		2C13F4BD1CDB1ADC00A5F129 /* Debug */ = {
			isa = XCBuildConfiguration;
			buildSettings = {
				BUNDLE_LOADER = "$(TEST_HOST)";
				INFOPLIST_FILE = STMBTDataTransferTests/Info.plist;
				LD_RUNPATH_SEARCH_PATHS = "$(inherited) @executable_path/Frameworks @loader_path/Frameworks";
				PRODUCT_BUNDLE_IDENTIFIER = com.sistemium.STMBTDataTransferTests;
				PRODUCT_NAME = "$(TARGET_NAME)";
				TEST_HOST = "$(BUILT_PRODUCTS_DIR)/STMBTDataTransfer.app/STMBTDataTransfer";
			};
			name = Debug;
		};
		2C13F4BE1CDB1ADC00A5F129 /* Release */ = {
			isa = XCBuildConfiguration;
			buildSettings = {
				BUNDLE_LOADER = "$(TEST_HOST)";
				INFOPLIST_FILE = STMBTDataTransferTests/Info.plist;
				LD_RUNPATH_SEARCH_PATHS = "$(inherited) @executable_path/Frameworks @loader_path/Frameworks";
				PRODUCT_BUNDLE_IDENTIFIER = com.sistemium.STMBTDataTransferTests;
				PRODUCT_NAME = "$(TARGET_NAME)";
				TEST_HOST = "$(BUILT_PRODUCTS_DIR)/STMBTDataTransfer.app/STMBTDataTransfer";
			};
			name = Release;
		};
		2C13F4C01CDB1ADC00A5F129 /* Debug */ = {
			isa = XCBuildConfiguration;
			buildSettings = {
				INFOPLIST_FILE = STMBTDataTransferUITests/Info.plist;
				LD_RUNPATH_SEARCH_PATHS = "$(inherited) @executable_path/Frameworks @loader_path/Frameworks";
				PRODUCT_BUNDLE_IDENTIFIER = com.sistemium.STMBTDataTransferUITests;
				PRODUCT_NAME = "$(TARGET_NAME)";
				TEST_TARGET_NAME = STMBTDataTransfer;
			};
			name = Debug;
		};
		2C13F4C11CDB1ADC00A5F129 /* Release */ = {
			isa = XCBuildConfiguration;
			buildSettings = {
				INFOPLIST_FILE = STMBTDataTransferUITests/Info.plist;
				LD_RUNPATH_SEARCH_PATHS = "$(inherited) @executable_path/Frameworks @loader_path/Frameworks";
				PRODUCT_BUNDLE_IDENTIFIER = com.sistemium.STMBTDataTransferUITests;
				PRODUCT_NAME = "$(TARGET_NAME)";
				TEST_TARGET_NAME = STMBTDataTransfer;
			};
			name = Release;
		};
/* End XCBuildConfiguration section */

/* Begin XCConfigurationList section */
		2C13F4871CDB1ADC00A5F129 /* Build configuration list for PBXProject "STMBTDataTransfer" */ = {
			isa = XCConfigurationList;
			buildConfigurations = (
				2C13F4B71CDB1ADC00A5F129 /* Debug */,
				2C13F4B81CDB1ADC00A5F129 /* Release */,
			);
			defaultConfigurationIsVisible = 0;
			defaultConfigurationName = Release;
		};
		2C13F4B91CDB1ADC00A5F129 /* Build configuration list for PBXNativeTarget "STMBTDataTransfer" */ = {
			isa = XCConfigurationList;
			buildConfigurations = (
				2C13F4BA1CDB1ADC00A5F129 /* Debug */,
				2C13F4BB1CDB1ADC00A5F129 /* Release */,
			);
			defaultConfigurationIsVisible = 0;
			defaultConfigurationName = Release;
		};
		2C13F4BC1CDB1ADC00A5F129 /* Build configuration list for PBXNativeTarget "STMBTDataTransferTests" */ = {
			isa = XCConfigurationList;
			buildConfigurations = (
				2C13F4BD1CDB1ADC00A5F129 /* Debug */,
				2C13F4BE1CDB1ADC00A5F129 /* Release */,
			);
			defaultConfigurationIsVisible = 0;
			defaultConfigurationName = Release;
		};
		2C13F4BF1CDB1ADC00A5F129 /* Build configuration list for PBXNativeTarget "STMBTDataTransferUITests" */ = {
			isa = XCConfigurationList;
			buildConfigurations = (
				2C13F4C01CDB1ADC00A5F129 /* Debug */,
				2C13F4C11CDB1ADC00A5F129 /* Release */,
			);
			defaultConfigurationIsVisible = 0;
			defaultConfigurationName = Release;
		};
/* End XCConfigurationList section */
	};
	rootObject = 2C13F4841CDB1ADC00A5F129 /* Project object */;
}
